// !$*UTF8*$!
{
	archiveVersion = 1;
	classes = {
	};
	objectVersion = 77;
	objects = {

/* Begin PBXContainerItemProxy section */
		D6150B1E2F3EAC0E00DA5D6B /* PBXContainerItemProxy */ = {
			isa = PBXContainerItemProxy;
			containerPortal = D6150B082F3EAC0D00DA5D6B /* Project object */;
			proxyType = 1;
			remoteGlobalIDString = D6150B0F2F3EAC0D00DA5D6B;
			remoteInfo = WhatTheLoad;
		};
		D6150B282F3EAC0E00DA5D6B /* PBXContainerItemProxy */ = {
			isa = PBXContainerItemProxy;
			containerPortal = D6150B082F3EAC0D00DA5D6B /* Project object */;
			proxyType = 1;
			remoteGlobalIDString = D6150B0F2F3EAC0D00DA5D6B;
			remoteInfo = WhatTheLoad;
		};
/* End PBXContainerItemProxy section */

/* Begin PBXFileReference section */
		D6150B102F3EAC0D00DA5D6B /* WhatTheLoad.app */ = {isa = PBXFileReference; explicitFileType = wrapper.application; includeInIndex = 0; path = WhatTheLoad.app; sourceTree = BUILT_PRODUCTS_DIR; };
		D6150B1D2F3EAC0E00DA5D6B /* WhatTheLoadTests.xctest */ = {isa = PBXFileReference; explicitFileType = wrapper.cfbundle; includeInIndex = 0; path = WhatTheLoadTests.xctest; sourceTree = BUILT_PRODUCTS_DIR; };
		D6150B272F3EAC0E00DA5D6B /* WhatTheLoadUITests.xctest */ = {isa = PBXFileReference; explicitFileType = wrapper.cfbundle; includeInIndex = 0; path = WhatTheLoadUITests.xctest; sourceTree = BUILT_PRODUCTS_DIR; };
/* End PBXFileReference section */

/* Begin PBXFileSystemSynchronizedRootGroup section */
		D6150B122F3EAC0D00DA5D6B /* WhatTheLoad */ = {
			isa = PBXFileSystemSynchronizedRootGroup;
			path = WhatTheLoad;
			sourceTree = "<group>";
		};
		D6150B202F3EAC0E00DA5D6B /* WhatTheLoadTests */ = {
			isa = PBXFileSystemSynchronizedRootGroup;
			path = WhatTheLoadTests;
			sourceTree = "<group>";
		};
		D6150B2A2F3EAC0E00DA5D6B /* WhatTheLoadUITests */ = {
			isa = PBXFileSystemSynchronizedRootGroup;
			path = WhatTheLoadUITests;
			sourceTree = "<group>";
		};
/* End PBXFileSystemSynchronizedRootGroup section */

/* Begin PBXFrameworksBuildPhase section */
		D6150B0D2F3EAC0D00DA5D6B /* Frameworks */ = {
			isa = PBXFrameworksBuildPhase;
			buildActionMask = 2147483647;
			files = (
			);
			runOnlyForDeploymentPostprocessing = 0;
		};
		D6150B1A2F3EAC0E00DA5D6B /* Frameworks */ = {
			isa = PBXFrameworksBuildPhase;
			buildActionMask = 2147483647;
			files = (
			);
			runOnlyForDeploymentPostprocessing = 0;
		};
		D6150B242F3EAC0E00DA5D6B /* Frameworks */ = {
			isa = PBXFrameworksBuildPhase;
			buildActionMask = 2147483647;
			files = (
			);
			runOnlyForDeploymentPostprocessing = 0;
		};
/* End PBXFrameworksBuildPhase section */

/* Begin PBXGroup section */
		D6150B072F3EAC0D00DA5D6B = {
			isa = PBXGroup;
			children = (
				D6150B122F3EAC0D00DA5D6B /* WhatTheLoad */,
				D6150B202F3EAC0E00DA5D6B /* WhatTheLoadTests */,
				D6150B2A2F3EAC0E00DA5D6B /* WhatTheLoadUITests */,
				D6150B112F3EAC0D00DA5D6B /* Products */,
			);
			sourceTree = "<group>";
		};
		D6150B112F3EAC0D00DA5D6B /* Products */ = {
			isa = PBXGroup;
			children = (
				D6150B102F3EAC0D00DA5D6B /* WhatTheLoad.app */,
				D6150B1D2F3EAC0E00DA5D6B /* WhatTheLoadTests.xctest */,
				D6150B272F3EAC0E00DA5D6B /* WhatTheLoadUITests.xctest */,
			);
			name = Products;
			sourceTree = "<group>";
		};
/* End PBXGroup section */

/* Begin PBXNativeTarget section */
		D6150B0F2F3EAC0D00DA5D6B /* WhatTheLoad */ = {
			isa = PBXNativeTarget;
			buildConfigurationList = D6150B312F3EAC0E00DA5D6B /* Build configuration list for PBXNativeTarget "WhatTheLoad" */;
			buildPhases = (
				D6150B0C2F3EAC0D00DA5D6B /* Sources */,
				D6150B0D2F3EAC0D00DA5D6B /* Frameworks */,
				D6150B0E2F3EAC0D00DA5D6B /* Resources */,
			);
			buildRules = (
			);
			dependencies = (
			);
			fileSystemSynchronizedGroups = (
				D6150B122F3EAC0D00DA5D6B /* WhatTheLoad */,
			);
			name = WhatTheLoad;
			packageProductDependencies = (
			);
			productName = WhatTheLoad;
			productReference = D6150B102F3EAC0D00DA5D6B /* WhatTheLoad.app */;
			productType = "com.apple.product-type.application";
		};
		D6150B1C2F3EAC0E00DA5D6B /* WhatTheLoadTests */ = {
			isa = PBXNativeTarget;
			buildConfigurationList = D6150B342F3EAC0E00DA5D6B /* Build configuration list for PBXNativeTarget "WhatTheLoadTests" */;
			buildPhases = (
				D6150B192F3EAC0E00DA5D6B /* Sources */,
				D6150B1A2F3EAC0E00DA5D6B /* Frameworks */,
				D6150B1B2F3EAC0E00DA5D6B /* Resources */,
			);
			buildRules = (
			);
			dependencies = (
				D6150B1F2F3EAC0E00DA5D6B /* PBXTargetDependency */,
			);
			fileSystemSynchronizedGroups = (
				D6150B202F3EAC0E00DA5D6B /* WhatTheLoadTests */,
			);
			name = WhatTheLoadTests;
			packageProductDependencies = (
			);
			productName = WhatTheLoadTests;
			productReference = D6150B1D2F3EAC0E00DA5D6B /* WhatTheLoadTests.xctest */;
			productType = "com.apple.product-type.bundle.unit-test";
		};
		D6150B262F3EAC0E00DA5D6B /* WhatTheLoadUITests */ = {
			isa = PBXNativeTarget;
			buildConfigurationList = D6150B372F3EAC0E00DA5D6B /* Build configuration list for PBXNativeTarget "WhatTheLoadUITests" */;
			buildPhases = (
				D6150B232F3EAC0E00DA5D6B /* Sources */,
				D6150B242F3EAC0E00DA5D6B /* Frameworks */,
				D6150B252F3EAC0E00DA5D6B /* Resources */,
			);
			buildRules = (
			);
			dependencies = (
				D6150B292F3EAC0E00DA5D6B /* PBXTargetDependency */,
			);
			fileSystemSynchronizedGroups = (
				D6150B2A2F3EAC0E00DA5D6B /* WhatTheLoadUITests */,
			);
			name = WhatTheLoadUITests;
			packageProductDependencies = (
			);
			productName = WhatTheLoadUITests;
			productReference = D6150B272F3EAC0E00DA5D6B /* WhatTheLoadUITests.xctest */;
			productType = "com.apple.product-type.bundle.ui-testing";
		};
/* End PBXNativeTarget section */

/* Begin PBXProject section */
		D6150B082F3EAC0D00DA5D6B /* Project object */ = {
			isa = PBXProject;
			attributes = {
				BuildIndependentTargetsInParallel = 1;
				LastSwiftUpdateCheck = 2620;
				LastUpgradeCheck = 2620;
				TargetAttributes = {
					D6150B0F2F3EAC0D00DA5D6B = {
						CreatedOnToolsVersion = 26.2;
					};
					D6150B1C2F3EAC0E00DA5D6B = {
						CreatedOnToolsVersion = 26.2;
						TestTargetID = D6150B0F2F3EAC0D00DA5D6B;
					};
					D6150B262F3EAC0E00DA5D6B = {
						CreatedOnToolsVersion = 26.2;
						TestTargetID = D6150B0F2F3EAC0D00DA5D6B;
					};
				};
			};
			buildConfigurationList = D6150B0B2F3EAC0D00DA5D6B /* Build configuration list for PBXProject "WhatTheLoad" */;
			developmentRegion = en;
			hasScannedForEncodings = 0;
			knownRegions = (
				en,
				Base,
			);
			mainGroup = D6150B072F3EAC0D00DA5D6B;
			minimizedProjectReferenceProxies = 1;
			preferredProjectObjectVersion = 77;
			productRefGroup = D6150B112F3EAC0D00DA5D6B /* Products */;
			projectDirPath = "";
			projectRoot = "";
			targets = (
				D6150B0F2F3EAC0D00DA5D6B /* WhatTheLoad */,
				D6150B1C2F3EAC0E00DA5D6B /* WhatTheLoadTests */,
				D6150B262F3EAC0E00DA5D6B /* WhatTheLoadUITests */,
			);
		};
/* End PBXProject section */

/* Begin PBXResourcesBuildPhase section */
		D6150B0E2F3EAC0D00DA5D6B /* Resources */ = {
			isa = PBXResourcesBuildPhase;
			buildActionMask = 2147483647;
			files = (
			);
			runOnlyForDeploymentPostprocessing = 0;
		};
		D6150B1B2F3EAC0E00DA5D6B /* Resources */ = {
			isa = PBXResourcesBuildPhase;
			buildActionMask = 2147483647;
			files = (
			);
			runOnlyForDeploymentPostprocessing = 0;
		};
		D6150B252F3EAC0E00DA5D6B /* Resources */ = {
			isa = PBXResourcesBuildPhase;
			buildActionMask = 2147483647;
			files = (
			);
			runOnlyForDeploymentPostprocessing = 0;
		};
/* End PBXResourcesBuildPhase section */

/* Begin PBXSourcesBuildPhase section */
		D6150B0C2F3EAC0D00DA5D6B /* Sources */ = {
			isa = PBXSourcesBuildPhase;
			buildActionMask = 2147483647;
			files = (
			);
			runOnlyForDeploymentPostprocessing = 0;
		};
		D6150B192F3EAC0E00DA5D6B /* Sources */ = {
			isa = PBXSourcesBuildPhase;
			buildActionMask = 2147483647;
			files = (
			);
			runOnlyForDeploymentPostprocessing = 0;
		};
		D6150B232F3EAC0E00DA5D6B /* Sources */ = {
			isa = PBXSourcesBuildPhase;
			buildActionMask = 2147483647;
			files = (
			);
			runOnlyForDeploymentPostprocessing = 0;
		};
/* End PBXSourcesBuildPhase section */

/* Begin PBXTargetDependency section */
		D6150B1F2F3EAC0E00DA5D6B /* PBXTargetDependency */ = {
			isa = PBXTargetDependency;
			target = D6150B0F2F3EAC0D00DA5D6B /* WhatTheLoad */;
			targetProxy = D6150B1E2F3EAC0E00DA5D6B /* PBXContainerItemProxy */;
		};
		D6150B292F3EAC0E00DA5D6B /* PBXTargetDependency */ = {
			isa = PBXTargetDependency;
			target = D6150B0F2F3EAC0D00DA5D6B /* WhatTheLoad */;
			targetProxy = D6150B282F3EAC0E00DA5D6B /* PBXContainerItemProxy */;
		};
/* End PBXTargetDependency section */

/* Begin XCBuildConfiguration section */
		D6150B2F2F3EAC0E00DA5D6B /* Debug */ = {
			isa = XCBuildConfiguration;
			buildSettings = {
				ALWAYS_SEARCH_USER_PATHS = NO;
				ASSETCATALOG_COMPILER_GENERATE_SWIFT_ASSET_SYMBOL_EXTENSIONS = YES;
				CLANG_ANALYZER_NONNULL = YES;
				CLANG_ANALYZER_NUMBER_OBJECT_CONVERSION = YES_AGGRESSIVE;
				CLANG_CXX_LANGUAGE_STANDARD = "gnu++20";
				CLANG_ENABLE_MODULES = YES;
				CLANG_ENABLE_OBJC_ARC = YES;
				CLANG_ENABLE_OBJC_WEAK = YES;
				CLANG_WARN_BLOCK_CAPTURE_AUTORELEASING = YES;
				CLANG_WARN_BOOL_CONVERSION = YES;
				CLANG_WARN_COMMA = YES;
				CLANG_WARN_CONSTANT_CONVERSION = YES;
				CLANG_WARN_DEPRECATED_OBJC_IMPLEMENTATIONS = YES;
				CLANG_WARN_DIRECT_OBJC_ISA_USAGE = YES_ERROR;
				CLANG_WARN_DOCUMENTATION_COMMENTS = YES;
				CLANG_WARN_EMPTY_BODY = YES;
				CLANG_WARN_ENUM_CONVERSION = YES;
				CLANG_WARN_INFINITE_RECURSION = YES;
				CLANG_WARN_INT_CONVERSION = YES;
				CLANG_WARN_NON_LITERAL_NULL_CONVERSION = YES;
				CLANG_WARN_OBJC_IMPLICIT_RETAIN_SELF = YES;
				CLANG_WARN_OBJC_LITERAL_CONVERSION = YES;
				CLANG_WARN_OBJC_ROOT_CLASS = YES_ERROR;
				CLANG_WARN_QUOTED_INCLUDE_IN_FRAMEWORK_HEADER = YES;
				CLANG_WARN_RANGE_LOOP_ANALYSIS = YES;
				CLANG_WARN_STRICT_PROTOTYPES = YES;
				CLANG_WARN_SUSPICIOUS_MOVE = YES;
				CLANG_WARN_UNGUARDED_AVAILABILITY = YES_AGGRESSIVE;
				CLANG_WARN_UNREACHABLE_CODE = YES;
				CLANG_WARN__DUPLICATE_METHOD_MATCH = YES;
				COPY_PHASE_STRIP = NO;
				DEBUG_INFORMATION_FORMAT = dwarf;
				DEVELOPMENT_TEAM = 4973Y692JU;
				ENABLE_STRICT_OBJC_MSGSEND = YES;
				ENABLE_TESTABILITY = YES;
				ENABLE_USER_SCRIPT_SANDBOXING = YES;
				GCC_C_LANGUAGE_STANDARD = gnu17;
				GCC_DYNAMIC_NO_PIC = NO;
				GCC_NO_COMMON_BLOCKS = YES;
				GCC_OPTIMIZATION_LEVEL = 0;
				GCC_PREPROCESSOR_DEFINITIONS = (
					"DEBUG=1",
					"$(inherited)",
				);
				GCC_WARN_64_TO_32_BIT_CONVERSION = YES;
				GCC_WARN_ABOUT_RETURN_TYPE = YES_ERROR;
				GCC_WARN_UNDECLARED_SELECTOR = YES;
				GCC_WARN_UNINITIALIZED_AUTOS = YES_AGGRESSIVE;
				GCC_WARN_UNUSED_FUNCTION = YES;
				GCC_WARN_UNUSED_VARIABLE = YES;
				LOCALIZATION_PREFERS_STRING_CATALOGS = YES;
				MACOSX_DEPLOYMENT_TARGET = 26.2;
				MTL_ENABLE_DEBUG_INFO = INCLUDE_SOURCE;
				MTL_FAST_MATH = YES;
				ONLY_ACTIVE_ARCH = YES;
				SDKROOT = macosx;
				SWIFT_ACTIVE_COMPILATION_CONDITIONS = "DEBUG $(inherited)";
				SWIFT_OPTIMIZATION_LEVEL = "-Onone";
			};
			name = Debug;
		};
		D6150B302F3EAC0E00DA5D6B /* Release */ = {
			isa = XCBuildConfiguration;
			buildSettings = {
				ALWAYS_SEARCH_USER_PATHS = NO;
				ASSETCATALOG_COMPILER_GENERATE_SWIFT_ASSET_SYMBOL_EXTENSIONS = YES;
				CLANG_ANALYZER_NONNULL = YES;
				CLANG_ANALYZER_NUMBER_OBJECT_CONVERSION = YES_AGGRESSIVE;
				CLANG_CXX_LANGUAGE_STANDARD = "gnu++20";
				CLANG_ENABLE_MODULES = YES;
				CLANG_ENABLE_OBJC_ARC = YES;
				CLANG_ENABLE_OBJC_WEAK = YES;
				CLANG_WARN_BLOCK_CAPTURE_AUTORELEASING = YES;
				CLANG_WARN_BOOL_CONVERSION = YES;
				CLANG_WARN_COMMA = YES;
				CLANG_WARN_CONSTANT_CONVERSION = YES;
				CLANG_WARN_DEPRECATED_OBJC_IMPLEMENTATIONS = YES;
				CLANG_WARN_DIRECT_OBJC_ISA_USAGE = YES_ERROR;
				CLANG_WARN_DOCUMENTATION_COMMENTS = YES;
				CLANG_WARN_EMPTY_BODY = YES;
				CLANG_WARN_ENUM_CONVERSION = YES;
				CLANG_WARN_INFINITE_RECURSION = YES;
				CLANG_WARN_INT_CONVERSION = YES;
				CLANG_WARN_NON_LITERAL_NULL_CONVERSION = YES;
				CLANG_WARN_OBJC_IMPLICIT_RETAIN_SELF = YES;
				CLANG_WARN_OBJC_LITERAL_CONVERSION = YES;
				CLANG_WARN_OBJC_ROOT_CLASS = YES_ERROR;
				CLANG_WARN_QUOTED_INCLUDE_IN_FRAMEWORK_HEADER = YES;
				CLANG_WARN_RANGE_LOOP_ANALYSIS = YES;
				CLANG_WARN_STRICT_PROTOTYPES = YES;
				CLANG_WARN_SUSPICIOUS_MOVE = YES;
				CLANG_WARN_UNGUARDED_AVAILABILITY = YES_AGGRESSIVE;
				CLANG_WARN_UNREACHABLE_CODE = YES;
				CLANG_WARN__DUPLICATE_METHOD_MATCH = YES;
				COPY_PHASE_STRIP = NO;
				DEBUG_INFORMATION_FORMAT = "dwarf-with-dsym";
				DEVELOPMENT_TEAM = 4973Y692JU;
				ENABLE_NS_ASSERTIONS = NO;
				ENABLE_STRICT_OBJC_MSGSEND = YES;
				ENABLE_USER_SCRIPT_SANDBOXING = YES;
				GCC_C_LANGUAGE_STANDARD = gnu17;
				GCC_NO_COMMON_BLOCKS = YES;
				GCC_WARN_64_TO_32_BIT_CONVERSION = YES;
				GCC_WARN_ABOUT_RETURN_TYPE = YES_ERROR;
				GCC_WARN_UNDECLARED_SELECTOR = YES;
				GCC_WARN_UNINITIALIZED_AUTOS = YES_AGGRESSIVE;
				GCC_WARN_UNUSED_FUNCTION = YES;
				GCC_WARN_UNUSED_VARIABLE = YES;
				LOCALIZATION_PREFERS_STRING_CATALOGS = YES;
				MACOSX_DEPLOYMENT_TARGET = 26.2;
				MTL_ENABLE_DEBUG_INFO = NO;
				MTL_FAST_MATH = YES;
				SDKROOT = macosx;
				SWIFT_COMPILATION_MODE = wholemodule;
			};
			name = Release;
		};
		D6150B322F3EAC0E00DA5D6B /* Debug */ = {
			isa = XCBuildConfiguration;
			buildSettings = {
				ASSETCATALOG_COMPILER_APPICON_NAME = AppIcon;
				ASSETCATALOG_COMPILER_GLOBAL_ACCENT_COLOR_NAME = AccentColor;
				CODE_SIGN_STYLE = Automatic;
				COMBINE_HIDPI_IMAGES = YES;
				CURRENT_PROJECT_VERSION = 1;
				DEVELOPMENT_TEAM = 4973Y692JU;
				ENABLE_APP_SANDBOX = NO;
				ENABLE_HARDENED_RUNTIME = YES;
				ENABLE_PREVIEWS = YES;
				ENABLE_USER_SELECTED_FILES = readonly;
				GENERATE_INFOPLIST_FILE = YES;
				INFOPLIST_KEY_NSHumanReadableCopyright = "";
				INFOPLIST_KEY_NSLocationWhenInUseUsageDescription = "WhatTheLoad needs location access to display your Wi-Fi network name (SSID) and diagnostics.";
				LD_RUNPATH_SEARCH_PATHS = (
					"$(inherited)",
					"@executable_path/../Frameworks",
				);
				MARKETING_VERSION = 1.0;
				PRODUCT_BUNDLE_IDENTIFIER = za.co.codecraftsolutions.WhatTheLoad;
				PRODUCT_NAME = "$(TARGET_NAME)";
				REGISTER_APP_GROUPS = YES;
				STRING_CATALOG_GENERATE_SYMBOLS = YES;
				SWIFT_APPROACHABLE_CONCURRENCY = YES;
				SWIFT_DEFAULT_ACTOR_ISOLATION = MainActor;
				SWIFT_EMIT_LOC_STRINGS = YES;
				SWIFT_UPCOMING_FEATURE_MEMBER_IMPORT_VISIBILITY = YES;
				SWIFT_VERSION = 5.0;
			};
			name = Debug;
		};
		D6150B332F3EAC0E00DA5D6B /* Release */ = {
			isa = XCBuildConfiguration;
			buildSettings = {
				ASSETCATALOG_COMPILER_APPICON_NAME = AppIcon;
				ASSETCATALOG_COMPILER_GLOBAL_ACCENT_COLOR_NAME = AccentColor;
				CODE_SIGN_STYLE = Automatic;
				COMBINE_HIDPI_IMAGES = YES;
				CURRENT_PROJECT_VERSION = 1;
				DEVELOPMENT_TEAM = 4973Y692JU;
				ENABLE_APP_SANDBOX = NO;
				ENABLE_HARDENED_RUNTIME = YES;
				ENABLE_PREVIEWS = YES;
				ENABLE_USER_SELECTED_FILES = readonly;
				GENERATE_INFOPLIST_FILE = YES;
				INFOPLIST_KEY_NSHumanReadableCopyright = "";
				INFOPLIST_KEY_NSLocationWhenInUseUsageDescription = "WhatTheLoad needs location access to display your Wi-Fi network name (SSID) and diagnostics.";
				LD_RUNPATH_SEARCH_PATHS = (
					"$(inherited)",
					"@executable_path/../Frameworks",
				);
				MARKETING_VERSION = 1.0;
				PRODUCT_BUNDLE_IDENTIFIER = za.co.codecraftsolutions.WhatTheLoad;
				PRODUCT_NAME = "$(TARGET_NAME)";
				REGISTER_APP_GROUPS = YES;
				STRING_CATALOG_GENERATE_SYMBOLS = YES;
				SWIFT_APPROACHABLE_CONCURRENCY = YES;
				SWIFT_DEFAULT_ACTOR_ISOLATION = MainActor;
				SWIFT_EMIT_LOC_STRINGS = YES;
				SWIFT_UPCOMING_FEATURE_MEMBER_IMPORT_VISIBILITY = YES;
				SWIFT_VERSION = 5.0;
			};
			name = Release;
		};
		D6150B352F3EAC0E00DA5D6B /* Debug */ = {
			isa = XCBuildConfiguration;
			buildSettings = {
				BUNDLE_LOADER = "$(TEST_HOST)";
				CODE_SIGN_STYLE = Automatic;
				CURRENT_PROJECT_VERSION = 1;
				DEVELOPMENT_TEAM = 4973Y692JU;
				GENERATE_INFOPLIST_FILE = YES;
				MACOSX_DEPLOYMENT_TARGET = 26.2;
				MARKETING_VERSION = 1.0;
				PRODUCT_BUNDLE_IDENTIFIER = za.co.codecraftsolutions.WhatTheLoadTests;
				PRODUCT_NAME = "$(TARGET_NAME)";
				STRING_CATALOG_GENERATE_SYMBOLS = NO;
				SWIFT_APPROACHABLE_CONCURRENCY = YES;
				SWIFT_EMIT_LOC_STRINGS = NO;
				SWIFT_UPCOMING_FEATURE_MEMBER_IMPORT_VISIBILITY = YES;
				SWIFT_VERSION = 5.0;
				TEST_HOST = "$(BUILT_PRODUCTS_DIR)/WhatTheLoad.app/$(BUNDLE_EXECUTABLE_FOLDER_PATH)/WhatTheLoad";
			};
			name = Debug;
		};
		D6150B362F3EAC0E00DA5D6B /* Release */ = {
			isa = XCBuildConfiguration;
			buildSettings = {
				BUNDLE_LOADER = "$(TEST_HOST)";
				CODE_SIGN_STYLE = Automatic;
				CURRENT_PROJECT_VERSION = 1;
				DEVELOPMENT_TEAM = 4973Y692JU;
				GENERATE_INFOPLIST_FILE = YES;
				MACOSX_DEPLOYMENT_TARGET = 26.2;
				MARKETING_VERSION = 1.0;
				PRODUCT_BUNDLE_IDENTIFIER = za.co.codecraftsolutions.WhatTheLoadTests;
				PRODUCT_NAME = "$(TARGET_NAME)";
				STRING_CATALOG_GENERATE_SYMBOLS = NO;
				SWIFT_APPROACHABLE_CONCURRENCY = YES;
				SWIFT_EMIT_LOC_STRINGS = NO;
				SWIFT_UPCOMING_FEATURE_MEMBER_IMPORT_VISIBILITY = YES;
				SWIFT_VERSION = 5.0;
				TEST_HOST = "$(BUILT_PRODUCTS_DIR)/WhatTheLoad.app/$(BUNDLE_EXECUTABLE_FOLDER_PATH)/WhatTheLoad";
			};
			name = Release;
		};
		D6150B382F3EAC0E00DA5D6B /* Debug */ = {
			isa = XCBuildConfiguration;
			buildSettings = {
				CODE_SIGN_STYLE = Automatic;
				CURRENT_PROJECT_VERSION = 1;
				DEVELOPMENT_TEAM = 4973Y692JU;
				GENERATE_INFOPLIST_FILE = YES;
				MARKETING_VERSION = 1.0;
				PRODUCT_BUNDLE_IDENTIFIER = za.co.codecraftsolutions.WhatTheLoadUITests;
				PRODUCT_NAME = "$(TARGET_NAME)";
				STRING_CATALOG_GENERATE_SYMBOLS = NO;
				SWIFT_APPROACHABLE_CONCURRENCY = YES;
				SWIFT_EMIT_LOC_STRINGS = NO;
				SWIFT_UPCOMING_FEATURE_MEMBER_IMPORT_VISIBILITY = YES;
				SWIFT_VERSION = 5.0;
				TEST_TARGET_NAME = WhatTheLoad;
			};
			name = Debug;
		};
		D6150B392F3EAC0E00DA5D6B /* Release */ = {
			isa = XCBuildConfiguration;
			buildSettings = {
				CODE_SIGN_STYLE = Automatic;
				CURRENT_PROJECT_VERSION = 1;
				DEVELOPMENT_TEAM = 4973Y692JU;
				GENERATE_INFOPLIST_FILE = YES;
				MARKETING_VERSION = 1.0;
				PRODUCT_BUNDLE_IDENTIFIER = za.co.codecraftsolutions.WhatTheLoadUITests;
				PRODUCT_NAME = "$(TARGET_NAME)";
				STRING_CATALOG_GENERATE_SYMBOLS = NO;
				SWIFT_APPROACHABLE_CONCURRENCY = YES;
				SWIFT_EMIT_LOC_STRINGS = NO;
				SWIFT_UPCOMING_FEATURE_MEMBER_IMPORT_VISIBILITY = YES;
				SWIFT_VERSION = 5.0;
				TEST_TARGET_NAME = WhatTheLoad;
			};
			name = Release;
		};
/* End XCBuildConfiguration section */

/* Begin XCConfigurationList section */
		D6150B0B2F3EAC0D00DA5D6B /* Build configuration list for PBXProject "WhatTheLoad" */ = {
			isa = XCConfigurationList;
			buildConfigurations = (
				D6150B2F2F3EAC0E00DA5D6B /* Debug */,
				D6150B302F3EAC0E00DA5D6B /* Release */,
			);
			defaultConfigurationIsVisible = 0;
			defaultConfigurationName = Release;
		};
		D6150B312F3EAC0E00DA5D6B /* Build configuration list for PBXNativeTarget "WhatTheLoad" */ = {
			isa = XCConfigurationList;
			buildConfigurations = (
				D6150B322F3EAC0E00DA5D6B /* Debug */,
				D6150B332F3EAC0E00DA5D6B /* Release */,
			);
			defaultConfigurationIsVisible = 0;
			defaultConfigurationName = Release;
		};
		D6150B342F3EAC0E00DA5D6B /* Build configuration list for PBXNativeTarget "WhatTheLoadTests" */ = {
			isa = XCConfigurationList;
			buildConfigurations = (
				D6150B352F3EAC0E00DA5D6B /* Debug */,
				D6150B362F3EAC0E00DA5D6B /* Release */,
			);
			defaultConfigurationIsVisible = 0;
			defaultConfigurationName = Release;
		};
		D6150B372F3EAC0E00DA5D6B /* Build configuration list for PBXNativeTarget "WhatTheLoadUITests" */ = {
			isa = XCConfigurationList;
			buildConfigurations = (
				D6150B382F3EAC0E00DA5D6B /* Debug */,
				D6150B392F3EAC0E00DA5D6B /* Release */,
			);
			defaultConfigurationIsVisible = 0;
			defaultConfigurationName = Release;
		};
/* End XCConfigurationList section */
	};
	rootObject = D6150B082F3EAC0D00DA5D6B /* Project object */;
}
